// !$*UTF8*$!
{
	archiveVersion = 1;
	classes = {
	};
	objectVersion = 52;
	objects = {

/* Begin PBXBuildFile section */
		046EAD0B27499AF900B670FA /* AppDelegate.swift in Sources */ = {isa = PBXBuildFile; fileRef = 046EAD0A27499AF900B670FA /* AppDelegate.swift */; };
		046EAD0D27499AF900B670FA /* SceneDelegate.swift in Sources */ = {isa = PBXBuildFile; fileRef = 046EAD0C27499AF900B670FA /* SceneDelegate.swift */; };
		046EAD1227499AF900B670FA /* Main.storyboard in Resources */ = {isa = PBXBuildFile; fileRef = 046EAD1027499AF900B670FA /* Main.storyboard */; };
		046EAD1527499AF900B670FA /* iProceed.xcdatamodeld in Sources */ = {isa = PBXBuildFile; fileRef = 046EAD1327499AF900B670FA /* iProceed.xcdatamodeld */; };
		046EAD1727499AFB00B670FA /* Assets.xcassets in Resources */ = {isa = PBXBuildFile; fileRef = 046EAD1627499AFB00B670FA /* Assets.xcassets */; };
		046EAD1A27499AFB00B670FA /* LaunchScreen.storyboard in Resources */ = {isa = PBXBuildFile; fileRef = 046EAD1827499AFB00B670FA /* LaunchScreen.storyboard */; };
		046EAD2527499AFB00B670FA /* iProceedTests.swift in Sources */ = {isa = PBXBuildFile; fileRef = 046EAD2427499AFB00B670FA /* iProceedTests.swift */; };
		046EAD3027499AFC00B670FA /* iProceedUITests.swift in Sources */ = {isa = PBXBuildFile; fileRef = 046EAD2F27499AFC00B670FA /* iProceedUITests.swift */; };
		046EAD4127499B0F00B670FA /* 61425-light-learning.json in Resources */ = {isa = PBXBuildFile; fileRef = 046EAD4027499B0F00B670FA /* 61425-light-learning.json */; };
		046EAD4727499D8B00B670FA /* Lottie in Frameworks */ = {isa = PBXBuildFile; productRef = 046EAD4627499D8B00B670FA /* Lottie */; };
		208F85FE16DDBA39BF9955D3 /* Pods_iProceed_iProceedUITests.framework in Frameworks */ = {isa = PBXBuildFile; fileRef = F31E2AC63C547AD0A060C2E4 /* Pods_iProceed_iProceedUITests.framework */; };
		4F33410DD840B24D032A8BED /* Pods_iProceedTests.framework in Frameworks */ = {isa = PBXBuildFile; fileRef = 3D5291A59E0D296EEE6A0D20 /* Pods_iProceedTests.framework */; };
		7A9E0A71BCB0CD4F8F3C5365 /* Pods_iProceed.framework in Frameworks */ = {isa = PBXBuildFile; fileRef = 9B5B7B003F8936863C740AF3 /* Pods_iProceed.framework */; };
		8D0C85F52753CADE009C540A /* Constants.swift in Sources */ = {isa = PBXBuildFile; fileRef = 8D0C85F42753CADE009C540A /* Constants.swift */; };
		8D0C85F72753F316009C540A /* ProfileView.swift in Sources */ = {isa = PBXBuildFile; fileRef = 8D0C85F62753F316009C540A /* ProfileView.swift */; };
		8D0C85F92753F329009C540A /* EditProfileView.swift in Sources */ = {isa = PBXBuildFile; fileRef = 8D0C85F82753F329009C540A /* EditProfileView.swift */; };
		8D0C85FB27540326009C540A /* VerifAccountView.swift in Sources */ = {isa = PBXBuildFile; fileRef = 8D0C85FA27540326009C540A /* VerifAccountView.swift */; };
		8D0C85FD27543A9E009C540A /* EditCourseView.swift in Sources */ = {isa = PBXBuildFile; fileRef = 8D0C85FC27543A9E009C540A /* EditCourseView.swift */; };
		8D36B0862750417100CDB60A /* AddCourseView.swift in Sources */ = {isa = PBXBuildFile; fileRef = 8D36B0852750417100CDB60A /* AddCourseView.swift */; };
		8D36B0882750418100CDB60A /* CoursesView.swift in Sources */ = {isa = PBXBuildFile; fileRef = 8D36B0872750418100CDB60A /* CoursesView.swift */; };
		8D36B08A275041A900CDB60A /* CourseDetailsView.swift in Sources */ = {isa = PBXBuildFile; fileRef = 8D36B089275041A900CDB60A /* CourseDetailsView.swift */; };
		8D36B08C275041B600CDB60A /* JoinCourseView.swift in Sources */ = {isa = PBXBuildFile; fileRef = 8D36B08B275041B600CDB60A /* JoinCourseView.swift */; };
		8D36B08E275041D800CDB60A /* MoreView.swift in Sources */ = {isa = PBXBuildFile; fileRef = 8D36B08D275041D800CDB60A /* MoreView.swift */; };
		8D36B090275041E700CDB60A /* RegisterView.swift in Sources */ = {isa = PBXBuildFile; fileRef = 8D36B08F275041E700CDB60A /* RegisterView.swift */; };
		8D36B092275041F200CDB60A /* RoleView.swift in Sources */ = {isa = PBXBuildFile; fileRef = 8D36B091275041F200CDB60A /* RoleView.swift */; };
		8D36B096275042C000CDB60A /* PaymentView.swift in Sources */ = {isa = PBXBuildFile; fileRef = 8D36B095275042C000CDB60A /* PaymentView.swift */; };
		8D36B098275042CE00CDB60A /* HomeView.swift in Sources */ = {isa = PBXBuildFile; fileRef = 8D36B097275042CE00CDB60A /* HomeView.swift */; };
		8D36B09B275044D900CDB60A /* UserViewModel.swift in Sources */ = {isa = PBXBuildFile; fileRef = 8D36B09A275044D900CDB60A /* UserViewModel.swift */; };
		8D36B09E275044E500CDB60A /* User.swift in Sources */ = {isa = PBXBuildFile; fileRef = 8D36B09D275044E500CDB60A /* User.swift */; };
		8D36B0A127504A0400CDB60A /* Spinner.swift in Sources */ = {isa = PBXBuildFile; fileRef = 8D36B0A027504A0400CDB60A /* Spinner.swift */; };
		8D36B0A327504A1900CDB60A /* Alert.swift in Sources */ = {isa = PBXBuildFile; fileRef = 8D36B0A227504A1900CDB60A /* Alert.swift */; };
		8D36B0A527504F8900CDB60A /* SignInView.swift in Sources */ = {isa = PBXBuildFile; fileRef = 8D36B0A427504F8900CDB60A /* SignInView.swift */; };
		8D8774E9275222450039CB29 /* Course.swift in Sources */ = {isa = PBXBuildFile; fileRef = 8D8774E8275222450039CB29 /* Course.swift */; };
		8D8774EB2752239B0039CB29 /* CourseViewModel.swift in Sources */ = {isa = PBXBuildFile; fileRef = 8D8774EA2752239B0039CB29 /* CourseViewModel.swift */; };
		8D8774ED275246770039CB29 /* ForgotPasswordView.swift in Sources */ = {isa = PBXBuildFile; fileRef = 8D8774EC275246770039CB29 /* ForgotPasswordView.swift */; };
		8D8774EF27524D3F0039CB29 /* ResetCodeView.swift in Sources */ = {isa = PBXBuildFile; fileRef = 8D8774EE27524D3F0039CB29 /* ResetCodeView.swift */; };
		8D8774F127524D580039CB29 /* PasswordResetView.swift in Sources */ = {isa = PBXBuildFile; fileRef = 8D8774F027524D580039CB29 /* PasswordResetView.swift */; };
/* End PBXBuildFile section */

/* Begin PBXContainerItemProxy section */
		046EAD2127499AFB00B670FA /* PBXContainerItemProxy */ = {
			isa = PBXContainerItemProxy;
			containerPortal = 046EACFF27499AF900B670FA /* Project object */;
			proxyType = 1;
			remoteGlobalIDString = 046EAD0627499AF900B670FA;
			remoteInfo = iProceed;
		};
		046EAD2C27499AFB00B670FA /* PBXContainerItemProxy */ = {
			isa = PBXContainerItemProxy;
			containerPortal = 046EACFF27499AF900B670FA /* Project object */;
			proxyType = 1;
			remoteGlobalIDString = 046EAD0627499AF900B670FA;
			remoteInfo = iProceed;
		};
/* End PBXContainerItemProxy section */

/* Begin PBXFileReference section */
		046EAD0727499AF900B670FA /* iProceed.app */ = {isa = PBXFileReference; explicitFileType = wrapper.application; includeInIndex = 0; path = iProceed.app; sourceTree = BUILT_PRODUCTS_DIR; };
		046EAD0A27499AF900B670FA /* AppDelegate.swift */ = {isa = PBXFileReference; lastKnownFileType = sourcecode.swift; path = AppDelegate.swift; sourceTree = "<group>"; };
		046EAD0C27499AF900B670FA /* SceneDelegate.swift */ = {isa = PBXFileReference; lastKnownFileType = sourcecode.swift; path = SceneDelegate.swift; sourceTree = "<group>"; };
		046EAD1127499AF900B670FA /* Base */ = {isa = PBXFileReference; lastKnownFileType = file.storyboard; name = Base; path = Base.lproj/Main.storyboard; sourceTree = "<group>"; };
		046EAD1427499AF900B670FA /* iProceed.xcdatamodel */ = {isa = PBXFileReference; lastKnownFileType = wrapper.xcdatamodel; path = iProceed.xcdatamodel; sourceTree = "<group>"; };
		046EAD1627499AFB00B670FA /* Assets.xcassets */ = {isa = PBXFileReference; lastKnownFileType = folder.assetcatalog; path = Assets.xcassets; sourceTree = "<group>"; };
		046EAD1927499AFB00B670FA /* Base */ = {isa = PBXFileReference; lastKnownFileType = file.storyboard; name = Base; path = Base.lproj/LaunchScreen.storyboard; sourceTree = "<group>"; };
		046EAD1B27499AFB00B670FA /* Info.plist */ = {isa = PBXFileReference; lastKnownFileType = text.plist.xml; path = Info.plist; sourceTree = "<group>"; };
		046EAD2027499AFB00B670FA /* iProceedTests.xctest */ = {isa = PBXFileReference; explicitFileType = wrapper.cfbundle; includeInIndex = 0; path = iProceedTests.xctest; sourceTree = BUILT_PRODUCTS_DIR; };
		046EAD2427499AFB00B670FA /* iProceedTests.swift */ = {isa = PBXFileReference; lastKnownFileType = sourcecode.swift; path = iProceedTests.swift; sourceTree = "<group>"; };
		046EAD2627499AFB00B670FA /* Info.plist */ = {isa = PBXFileReference; lastKnownFileType = text.plist.xml; path = Info.plist; sourceTree = "<group>"; };
		046EAD2B27499AFB00B670FA /* iProceedUITests.xctest */ = {isa = PBXFileReference; explicitFileType = wrapper.cfbundle; includeInIndex = 0; path = iProceedUITests.xctest; sourceTree = BUILT_PRODUCTS_DIR; };
		046EAD2F27499AFC00B670FA /* iProceedUITests.swift */ = {isa = PBXFileReference; lastKnownFileType = sourcecode.swift; path = iProceedUITests.swift; sourceTree = "<group>"; };
		046EAD3127499AFC00B670FA /* Info.plist */ = {isa = PBXFileReference; lastKnownFileType = text.plist.xml; path = Info.plist; sourceTree = "<group>"; };
		046EAD4027499B0F00B670FA /* 61425-light-learning.json */ = {isa = PBXFileReference; fileEncoding = 4; lastKnownFileType = text.json; path = "61425-light-learning.json"; sourceTree = "<group>"; };
		09F7040DD3D9AD78623BC385 /* Pods-iProceed.debug.xcconfig */ = {isa = PBXFileReference; includeInIndex = 1; lastKnownFileType = text.xcconfig; name = "Pods-iProceed.debug.xcconfig"; path = "Target Support Files/Pods-iProceed/Pods-iProceed.debug.xcconfig"; sourceTree = "<group>"; };
		3D5291A59E0D296EEE6A0D20 /* Pods_iProceedTests.framework */ = {isa = PBXFileReference; explicitFileType = wrapper.framework; includeInIndex = 0; path = Pods_iProceedTests.framework; sourceTree = BUILT_PRODUCTS_DIR; };
		53DC8A644E384726F2016FF5 /* Pods-iProceed-iProceedUITests.release.xcconfig */ = {isa = PBXFileReference; includeInIndex = 1; lastKnownFileType = text.xcconfig; name = "Pods-iProceed-iProceedUITests.release.xcconfig"; path = "Target Support Files/Pods-iProceed-iProceedUITests/Pods-iProceed-iProceedUITests.release.xcconfig"; sourceTree = "<group>"; };
		6284F7CAE1DA665196A0F89F /* Pods-iProceedTests.release.xcconfig */ = {isa = PBXFileReference; includeInIndex = 1; lastKnownFileType = text.xcconfig; name = "Pods-iProceedTests.release.xcconfig"; path = "Target Support Files/Pods-iProceedTests/Pods-iProceedTests.release.xcconfig"; sourceTree = "<group>"; };
		8D0C85F42753CADE009C540A /* Constants.swift */ = {isa = PBXFileReference; lastKnownFileType = sourcecode.swift; path = Constants.swift; sourceTree = "<group>"; };
		8D0C85F62753F316009C540A /* ProfileView.swift */ = {isa = PBXFileReference; lastKnownFileType = sourcecode.swift; path = ProfileView.swift; sourceTree = "<group>"; };
		8D0C85F82753F329009C540A /* EditProfileView.swift */ = {isa = PBXFileReference; lastKnownFileType = sourcecode.swift; path = EditProfileView.swift; sourceTree = "<group>"; };
		8D0C85FA27540326009C540A /* VerifAccountView.swift */ = {isa = PBXFileReference; lastKnownFileType = sourcecode.swift; path = VerifAccountView.swift; sourceTree = "<group>"; };
		8D0C85FC27543A9E009C540A /* EditCourseView.swift */ = {isa = PBXFileReference; lastKnownFileType = sourcecode.swift; path = EditCourseView.swift; sourceTree = "<group>"; };
		8D36B0852750417100CDB60A /* AddCourseView.swift */ = {isa = PBXFileReference; lastKnownFileType = sourcecode.swift; path = AddCourseView.swift; sourceTree = "<group>"; };
		8D36B0872750418100CDB60A /* CoursesView.swift */ = {isa = PBXFileReference; lastKnownFileType = sourcecode.swift; path = CoursesView.swift; sourceTree = "<group>"; };
		8D36B089275041A900CDB60A /* CourseDetailsView.swift */ = {isa = PBXFileReference; lastKnownFileType = sourcecode.swift; path = CourseDetailsView.swift; sourceTree = "<group>"; };
		8D36B08B275041B600CDB60A /* JoinCourseView.swift */ = {isa = PBXFileReference; lastKnownFileType = sourcecode.swift; path = JoinCourseView.swift; sourceTree = "<group>"; };
		8D36B08D275041D800CDB60A /* MoreView.swift */ = {isa = PBXFileReference; lastKnownFileType = sourcecode.swift; path = MoreView.swift; sourceTree = "<group>"; };
		8D36B08F275041E700CDB60A /* RegisterView.swift */ = {isa = PBXFileReference; lastKnownFileType = sourcecode.swift; path = RegisterView.swift; sourceTree = "<group>"; };
		8D36B091275041F200CDB60A /* RoleView.swift */ = {isa = PBXFileReference; lastKnownFileType = sourcecode.swift; path = RoleView.swift; sourceTree = "<group>"; };
		8D36B095275042C000CDB60A /* PaymentView.swift */ = {isa = PBXFileReference; lastKnownFileType = sourcecode.swift; path = PaymentView.swift; sourceTree = "<group>"; };
		8D36B097275042CE00CDB60A /* HomeView.swift */ = {isa = PBXFileReference; lastKnownFileType = sourcecode.swift; path = HomeView.swift; sourceTree = "<group>"; };
		8D36B09A275044D900CDB60A /* UserViewModel.swift */ = {isa = PBXFileReference; fileEncoding = 4; lastKnownFileType = sourcecode.swift; path = UserViewModel.swift; sourceTree = "<group>"; };
		8D36B09D275044E500CDB60A /* User.swift */ = {isa = PBXFileReference; fileEncoding = 4; lastKnownFileType = sourcecode.swift; path = User.swift; sourceTree = "<group>"; };
		8D36B0A027504A0400CDB60A /* Spinner.swift */ = {isa = PBXFileReference; lastKnownFileType = sourcecode.swift; path = Spinner.swift; sourceTree = "<group>"; };
		8D36B0A227504A1900CDB60A /* Alert.swift */ = {isa = PBXFileReference; lastKnownFileType = sourcecode.swift; path = Alert.swift; sourceTree = "<group>"; };
		8D36B0A427504F8900CDB60A /* SignInView.swift */ = {isa = PBXFileReference; fileEncoding = 4; lastKnownFileType = sourcecode.swift; path = SignInView.swift; sourceTree = "<group>"; };
		8D8774E8275222450039CB29 /* Course.swift */ = {isa = PBXFileReference; lastKnownFileType = sourcecode.swift; path = Course.swift; sourceTree = "<group>"; };
		8D8774EA2752239B0039CB29 /* CourseViewModel.swift */ = {isa = PBXFileReference; lastKnownFileType = sourcecode.swift; path = CourseViewModel.swift; sourceTree = "<group>"; };
		8D8774EC275246770039CB29 /* ForgotPasswordView.swift */ = {isa = PBXFileReference; lastKnownFileType = sourcecode.swift; path = ForgotPasswordView.swift; sourceTree = "<group>"; };
		8D8774EE27524D3F0039CB29 /* ResetCodeView.swift */ = {isa = PBXFileReference; lastKnownFileType = sourcecode.swift; path = ResetCodeView.swift; sourceTree = "<group>"; };
		8D8774F027524D580039CB29 /* PasswordResetView.swift */ = {isa = PBXFileReference; lastKnownFileType = sourcecode.swift; path = PasswordResetView.swift; sourceTree = "<group>"; };
		9B5B7B003F8936863C740AF3 /* Pods_iProceed.framework */ = {isa = PBXFileReference; explicitFileType = wrapper.framework; includeInIndex = 0; path = Pods_iProceed.framework; sourceTree = BUILT_PRODUCTS_DIR; };
		D17B38BC1242AFC951706360 /* Pods-iProceedTests.debug.xcconfig */ = {isa = PBXFileReference; includeInIndex = 1; lastKnownFileType = text.xcconfig; name = "Pods-iProceedTests.debug.xcconfig"; path = "Target Support Files/Pods-iProceedTests/Pods-iProceedTests.debug.xcconfig"; sourceTree = "<group>"; };
		E4E2AA61C6536C32750B3F83 /* Pods-iProceed-iProceedUITests.debug.xcconfig */ = {isa = PBXFileReference; includeInIndex = 1; lastKnownFileType = text.xcconfig; name = "Pods-iProceed-iProceedUITests.debug.xcconfig"; path = "Target Support Files/Pods-iProceed-iProceedUITests/Pods-iProceed-iProceedUITests.debug.xcconfig"; sourceTree = "<group>"; };
		EC0D3A5DCC50446AA8F61C1C /* Pods-iProceed.release.xcconfig */ = {isa = PBXFileReference; includeInIndex = 1; lastKnownFileType = text.xcconfig; name = "Pods-iProceed.release.xcconfig"; path = "Target Support Files/Pods-iProceed/Pods-iProceed.release.xcconfig"; sourceTree = "<group>"; };
		F31E2AC63C547AD0A060C2E4 /* Pods_iProceed_iProceedUITests.framework */ = {isa = PBXFileReference; explicitFileType = wrapper.framework; includeInIndex = 0; path = Pods_iProceed_iProceedUITests.framework; sourceTree = BUILT_PRODUCTS_DIR; };
/* End PBXFileReference section */

/* Begin PBXFrameworksBuildPhase section */
		046EAD0427499AF900B670FA /* Frameworks */ = {
			isa = PBXFrameworksBuildPhase;
			buildActionMask = 2147483647;
			files = (
				046EAD4727499D8B00B670FA /* Lottie in Frameworks */,
				7A9E0A71BCB0CD4F8F3C5365 /* Pods_iProceed.framework in Frameworks */,
			);
			runOnlyForDeploymentPostprocessing = 0;
		};
		046EAD1D27499AFB00B670FA /* Frameworks */ = {
			isa = PBXFrameworksBuildPhase;
			buildActionMask = 2147483647;
			files = (
				4F33410DD840B24D032A8BED /* Pods_iProceedTests.framework in Frameworks */,
			);
			runOnlyForDeploymentPostprocessing = 0;
		};
		046EAD2827499AFB00B670FA /* Frameworks */ = {
			isa = PBXFrameworksBuildPhase;
			buildActionMask = 2147483647;
			files = (
				208F85FE16DDBA39BF9955D3 /* Pods_iProceed_iProceedUITests.framework in Frameworks */,
			);
			runOnlyForDeploymentPostprocessing = 0;
		};
/* End PBXFrameworksBuildPhase section */

/* Begin PBXGroup section */
		046EACFE27499AF900B670FA = {
			isa = PBXGroup;
			children = (
				046EAD0927499AF900B670FA /* iProceed */,
				046EAD2327499AFB00B670FA /* iProceedTests */,
				046EAD2E27499AFB00B670FA /* iProceedUITests */,
				046EAD0827499AF900B670FA /* Products */,
				C43AEDAFDB48C2922E76A2A5 /* Frameworks */,
				D0759A706CE3655BA9BDFC03 /* Pods */,
			);
			sourceTree = "<group>";
		};
		046EAD0827499AF900B670FA /* Products */ = {
			isa = PBXGroup;
			children = (
				046EAD0727499AF900B670FA /* iProceed.app */,
				046EAD2027499AFB00B670FA /* iProceedTests.xctest */,
				046EAD2B27499AFB00B670FA /* iProceedUITests.xctest */,
			);
			name = Products;
			sourceTree = "<group>";
		};
		046EAD0927499AF900B670FA /* iProceed */ = {
			isa = PBXGroup;
			children = (
				046EAD1027499AF900B670FA /* Main.storyboard */,
				046EAD1827499AFB00B670FA /* LaunchScreen.storyboard */,
				8D36B09C275044DF00CDB60A /* Model */,
				8D36B0822750410700CDB60A /* View */,
				8D36B099275044D400CDB60A /* ViewModel */,
				8D36B09F275049EE00CDB60A /* Utilities */,
				046EAD0A27499AF900B670FA /* AppDelegate.swift */,
				046EAD0C27499AF900B670FA /* SceneDelegate.swift */,
				046EAD1627499AFB00B670FA /* Assets.xcassets */,
				046EAD1B27499AFB00B670FA /* Info.plist */,
				046EAD1327499AF900B670FA /* iProceed.xcdatamodeld */,
				046EAD4027499B0F00B670FA /* 61425-light-learning.json */,
			);
			path = iProceed;
			sourceTree = "<group>";
		};
		046EAD2327499AFB00B670FA /* iProceedTests */ = {
			isa = PBXGroup;
			children = (
				046EAD2427499AFB00B670FA /* iProceedTests.swift */,
				046EAD2627499AFB00B670FA /* Info.plist */,
			);
			path = iProceedTests;
			sourceTree = "<group>";
		};
		046EAD2E27499AFB00B670FA /* iProceedUITests */ = {
			isa = PBXGroup;
			children = (
				046EAD2F27499AFC00B670FA /* iProceedUITests.swift */,
				046EAD3127499AFC00B670FA /* Info.plist */,
			);
			path = iProceedUITests;
			sourceTree = "<group>";
		};
		8D36B0822750410700CDB60A /* View */ = {
			isa = PBXGroup;
			children = (
				8D0C85FA27540326009C540A /* VerifAccountView.swift */,
				8D36B0A427504F8900CDB60A /* SignInView.swift */,
				8D36B097275042CE00CDB60A /* HomeView.swift */,
				8D36B08F275041E700CDB60A /* RegisterView.swift */,
				8D8774EC275246770039CB29 /* ForgotPasswordView.swift */,
				8D8774EE27524D3F0039CB29 /* ResetCodeView.swift */,
				8D8774F027524D580039CB29 /* PasswordResetView.swift */,
				8D36B091275041F200CDB60A /* RoleView.swift */,
				8D36B0872750418100CDB60A /* CoursesView.swift */,
				8D36B089275041A900CDB60A /* CourseDetailsView.swift */,
				8D36B0852750417100CDB60A /* AddCourseView.swift */,
				8D36B08B275041B600CDB60A /* JoinCourseView.swift */,
				8D36B08D275041D800CDB60A /* MoreView.swift */,
				8D36B095275042C000CDB60A /* PaymentView.swift */,
				8D0C85F62753F316009C540A /* ProfileView.swift */,
				8D0C85F82753F329009C540A /* EditProfileView.swift */,
				8D0C85FC27543A9E009C540A /* EditCourseView.swift */,
			);
			path = View;
			sourceTree = "<group>";
		};
		8D36B099275044D400CDB60A /* ViewModel */ = {
			isa = PBXGroup;
			children = (
				8D36B09A275044D900CDB60A /* UserViewModel.swift */,
				8D8774EA2752239B0039CB29 /* CourseViewModel.swift */,
			);
			path = ViewModel;
			sourceTree = "<group>";
		};
		8D36B09C275044DF00CDB60A /* Model */ = {
			isa = PBXGroup;
			children = (
				8D36B09D275044E500CDB60A /* User.swift */,
				8D8774E8275222450039CB29 /* Course.swift */,
			);
			path = Model;
			sourceTree = "<group>";
		};
		8D36B09F275049EE00CDB60A /* Utilities */ = {
			isa = PBXGroup;
			children = (
				8D36B0A027504A0400CDB60A /* Spinner.swift */,
				8D36B0A227504A1900CDB60A /* Alert.swift */,
				8D0C85F42753CADE009C540A /* Constants.swift */,
			);
			path = Utilities;
			sourceTree = "<group>";
		};
		C43AEDAFDB48C2922E76A2A5 /* Frameworks */ = {
			isa = PBXGroup;
			children = (
				9B5B7B003F8936863C740AF3 /* Pods_iProceed.framework */,
				F31E2AC63C547AD0A060C2E4 /* Pods_iProceed_iProceedUITests.framework */,
				3D5291A59E0D296EEE6A0D20 /* Pods_iProceedTests.framework */,
			);
			name = Frameworks;
			sourceTree = "<group>";
		};
		D0759A706CE3655BA9BDFC03 /* Pods */ = {
			isa = PBXGroup;
			children = (
				09F7040DD3D9AD78623BC385 /* Pods-iProceed.debug.xcconfig */,
				EC0D3A5DCC50446AA8F61C1C /* Pods-iProceed.release.xcconfig */,
				E4E2AA61C6536C32750B3F83 /* Pods-iProceed-iProceedUITests.debug.xcconfig */,
				53DC8A644E384726F2016FF5 /* Pods-iProceed-iProceedUITests.release.xcconfig */,
				D17B38BC1242AFC951706360 /* Pods-iProceedTests.debug.xcconfig */,
				6284F7CAE1DA665196A0F89F /* Pods-iProceedTests.release.xcconfig */,
			);
			path = Pods;
			sourceTree = "<group>";
		};
/* End PBXGroup section */

/* Begin PBXNativeTarget section */
		046EAD0627499AF900B670FA /* iProceed */ = {
			isa = PBXNativeTarget;
			buildConfigurationList = 046EAD3427499AFC00B670FA /* Build configuration list for PBXNativeTarget "iProceed" */;
			buildPhases = (
				A830264E9BEDDDF1C3AAE497 /* [CP] Check Pods Manifest.lock */,
				046EAD0327499AF900B670FA /* Sources */,
				046EAD0427499AF900B670FA /* Frameworks */,
				046EAD0527499AF900B670FA /* Resources */,
				837A0EA3F2581DD7EFDFB792 /* [CP] Embed Pods Frameworks */,
				CF2247257546C2C1EAF08DE3 /* [CP] Copy Pods Resources */,
			);
			buildRules = (
			);
			dependencies = (
			);
			name = iProceed;
			packageProductDependencies = (
				046EAD4627499D8B00B670FA /* Lottie */,
			);
			productName = iProceed;
			productReference = 046EAD0727499AF900B670FA /* iProceed.app */;
			productType = "com.apple.product-type.application";
		};
		046EAD1F27499AFB00B670FA /* iProceedTests */ = {
			isa = PBXNativeTarget;
			buildConfigurationList = 046EAD3727499AFC00B670FA /* Build configuration list for PBXNativeTarget "iProceedTests" */;
			buildPhases = (
				79134776E6428162715DCE5B /* [CP] Check Pods Manifest.lock */,
				046EAD1C27499AFB00B670FA /* Sources */,
				046EAD1D27499AFB00B670FA /* Frameworks */,
				046EAD1E27499AFB00B670FA /* Resources */,
			);
			buildRules = (
			);
			dependencies = (
				046EAD2227499AFB00B670FA /* PBXTargetDependency */,
			);
			name = iProceedTests;
			productName = iProceedTests;
			productReference = 046EAD2027499AFB00B670FA /* iProceedTests.xctest */;
			productType = "com.apple.product-type.bundle.unit-test";
		};
		046EAD2A27499AFB00B670FA /* iProceedUITests */ = {
			isa = PBXNativeTarget;
			buildConfigurationList = 046EAD3A27499AFC00B670FA /* Build configuration list for PBXNativeTarget "iProceedUITests" */;
			buildPhases = (
				8E6FCBBEBB7018D10ABEB5FC /* [CP] Check Pods Manifest.lock */,
				046EAD2727499AFB00B670FA /* Sources */,
				046EAD2827499AFB00B670FA /* Frameworks */,
				046EAD2927499AFB00B670FA /* Resources */,
				92EA5DAFA18CB16FB8FB7B07 /* [CP] Embed Pods Frameworks */,
				DA20A60D45103C659C559B53 /* [CP] Copy Pods Resources */,
			);
			buildRules = (
			);
			dependencies = (
				046EAD2D27499AFB00B670FA /* PBXTargetDependency */,
			);
			name = iProceedUITests;
			productName = iProceedUITests;
			productReference = 046EAD2B27499AFB00B670FA /* iProceedUITests.xctest */;
			productType = "com.apple.product-type.bundle.ui-testing";
		};
/* End PBXNativeTarget section */

/* Begin PBXProject section */
		046EACFF27499AF900B670FA /* Project object */ = {
			isa = PBXProject;
			attributes = {
				LastSwiftUpdateCheck = 1240;
				LastUpgradeCheck = 1240;
				TargetAttributes = {
					046EAD0627499AF900B670FA = {
						CreatedOnToolsVersion = 12.4;
					};
					046EAD1F27499AFB00B670FA = {
						CreatedOnToolsVersion = 12.4;
						TestTargetID = 046EAD0627499AF900B670FA;
					};
					046EAD2A27499AFB00B670FA = {
						CreatedOnToolsVersion = 12.4;
						TestTargetID = 046EAD0627499AF900B670FA;
					};
				};
			};
			buildConfigurationList = 046EAD0227499AF900B670FA /* Build configuration list for PBXProject "iProceed" */;
			compatibilityVersion = "Xcode 9.3";
			developmentRegion = en;
			hasScannedForEncodings = 0;
			knownRegions = (
				en,
				Base,
			);
			mainGroup = 046EACFE27499AF900B670FA;
			packageReferences = (
				046EAD4527499D8B00B670FA /* XCRemoteSwiftPackageReference "lottie-ios" */,
			);
			productRefGroup = 046EAD0827499AF900B670FA /* Products */;
			projectDirPath = "";
			projectRoot = "";
			targets = (
				046EAD0627499AF900B670FA /* iProceed */,
				046EAD1F27499AFB00B670FA /* iProceedTests */,
				046EAD2A27499AFB00B670FA /* iProceedUITests */,
			);
		};
/* End PBXProject section */

/* Begin PBXResourcesBuildPhase section */
		046EAD0527499AF900B670FA /* Resources */ = {
			isa = PBXResourcesBuildPhase;
			buildActionMask = 2147483647;
			files = (
				046EAD1A27499AFB00B670FA /* LaunchScreen.storyboard in Resources */,
				046EAD4127499B0F00B670FA /* 61425-light-learning.json in Resources */,
				046EAD1727499AFB00B670FA /* Assets.xcassets in Resources */,
				046EAD1227499AF900B670FA /* Main.storyboard in Resources */,
			);
			runOnlyForDeploymentPostprocessing = 0;
		};
		046EAD1E27499AFB00B670FA /* Resources */ = {
			isa = PBXResourcesBuildPhase;
			buildActionMask = 2147483647;
			files = (
			);
			runOnlyForDeploymentPostprocessing = 0;
		};
		046EAD2927499AFB00B670FA /* Resources */ = {
			isa = PBXResourcesBuildPhase;
			buildActionMask = 2147483647;
			files = (
			);
			runOnlyForDeploymentPostprocessing = 0;
		};
/* End PBXResourcesBuildPhase section */

/* Begin PBXShellScriptBuildPhase section */
		79134776E6428162715DCE5B /* [CP] Check Pods Manifest.lock */ = {
			isa = PBXShellScriptBuildPhase;
			buildActionMask = 2147483647;
			files = (
			);
			inputFileListPaths = (
			);
			inputPaths = (
				"${PODS_PODFILE_DIR_PATH}/Podfile.lock",
				"${PODS_ROOT}/Manifest.lock",
			);
			name = "[CP] Check Pods Manifest.lock";
			outputFileListPaths = (
			);
			outputPaths = (
				"$(DERIVED_FILE_DIR)/Pods-iProceedTests-checkManifestLockResult.txt",
			);
			runOnlyForDeploymentPostprocessing = 0;
			shellPath = /bin/sh;
			shellScript = "diff \"${PODS_PODFILE_DIR_PATH}/Podfile.lock\" \"${PODS_ROOT}/Manifest.lock\" > /dev/null\nif [ $? != 0 ] ; then\n    # print error to STDERR\n    echo \"error: The sandbox is not in sync with the Podfile.lock. Run 'pod install' or update your CocoaPods installation.\" >&2\n    exit 1\nfi\n# This output is used by Xcode 'outputs' to avoid re-running this script phase.\necho \"SUCCESS\" > \"${SCRIPT_OUTPUT_FILE_0}\"\n";
			showEnvVarsInLog = 0;
		};
		837A0EA3F2581DD7EFDFB792 /* [CP] Embed Pods Frameworks */ = {
			isa = PBXShellScriptBuildPhase;
			buildActionMask = 2147483647;
			files = (
			);
			inputFileListPaths = (
				"${PODS_ROOT}/Target Support Files/Pods-iProceed/Pods-iProceed-frameworks-${CONFIGURATION}-input-files.xcfilelist",
			);
			name = "[CP] Embed Pods Frameworks";
			outputFileListPaths = (
				"${PODS_ROOT}/Target Support Files/Pods-iProceed/Pods-iProceed-frameworks-${CONFIGURATION}-output-files.xcfilelist",
			);
			runOnlyForDeploymentPostprocessing = 0;
			shellPath = /bin/sh;
			shellScript = "\"${PODS_ROOT}/Target Support Files/Pods-iProceed/Pods-iProceed-frameworks.sh\"\n";
			showEnvVarsInLog = 0;
		};
		8E6FCBBEBB7018D10ABEB5FC /* [CP] Check Pods Manifest.lock */ = {
			isa = PBXShellScriptBuildPhase;
			buildActionMask = 2147483647;
			files = (
			);
			inputFileListPaths = (
			);
			inputPaths = (
				"${PODS_PODFILE_DIR_PATH}/Podfile.lock",
				"${PODS_ROOT}/Manifest.lock",
			);
			name = "[CP] Check Pods Manifest.lock";
			outputFileListPaths = (
			);
			outputPaths = (
				"$(DERIVED_FILE_DIR)/Pods-iProceed-iProceedUITests-checkManifestLockResult.txt",
			);
			runOnlyForDeploymentPostprocessing = 0;
			shellPath = /bin/sh;
			shellScript = "diff \"${PODS_PODFILE_DIR_PATH}/Podfile.lock\" \"${PODS_ROOT}/Manifest.lock\" > /dev/null\nif [ $? != 0 ] ; then\n    # print error to STDERR\n    echo \"error: The sandbox is not in sync with the Podfile.lock. Run 'pod install' or update your CocoaPods installation.\" >&2\n    exit 1\nfi\n# This output is used by Xcode 'outputs' to avoid re-running this script phase.\necho \"SUCCESS\" > \"${SCRIPT_OUTPUT_FILE_0}\"\n";
			showEnvVarsInLog = 0;
		};
		92EA5DAFA18CB16FB8FB7B07 /* [CP] Embed Pods Frameworks */ = {
			isa = PBXShellScriptBuildPhase;
			buildActionMask = 2147483647;
			files = (
			);
			inputFileListPaths = (
				"${PODS_ROOT}/Target Support Files/Pods-iProceed-iProceedUITests/Pods-iProceed-iProceedUITests-frameworks-${CONFIGURATION}-input-files.xcfilelist",
			);
			name = "[CP] Embed Pods Frameworks";
			outputFileListPaths = (
				"${PODS_ROOT}/Target Support Files/Pods-iProceed-iProceedUITests/Pods-iProceed-iProceedUITests-frameworks-${CONFIGURATION}-output-files.xcfilelist",
			);
			runOnlyForDeploymentPostprocessing = 0;
			shellPath = /bin/sh;
			shellScript = "\"${PODS_ROOT}/Target Support Files/Pods-iProceed-iProceedUITests/Pods-iProceed-iProceedUITests-frameworks.sh\"\n";
			showEnvVarsInLog = 0;
		};
		A830264E9BEDDDF1C3AAE497 /* [CP] Check Pods Manifest.lock */ = {
			isa = PBXShellScriptBuildPhase;
			buildActionMask = 2147483647;
			files = (
			);
			inputFileListPaths = (
			);
			inputPaths = (
				"${PODS_PODFILE_DIR_PATH}/Podfile.lock",
				"${PODS_ROOT}/Manifest.lock",
			);
			name = "[CP] Check Pods Manifest.lock";
			outputFileListPaths = (
			);
			outputPaths = (
				"$(DERIVED_FILE_DIR)/Pods-iProceed-checkManifestLockResult.txt",
			);
			runOnlyForDeploymentPostprocessing = 0;
			shellPath = /bin/sh;
			shellScript = "diff \"${PODS_PODFILE_DIR_PATH}/Podfile.lock\" \"${PODS_ROOT}/Manifest.lock\" > /dev/null\nif [ $? != 0 ] ; then\n    # print error to STDERR\n    echo \"error: The sandbox is not in sync with the Podfile.lock. Run 'pod install' or update your CocoaPods installation.\" >&2\n    exit 1\nfi\n# This output is used by Xcode 'outputs' to avoid re-running this script phase.\necho \"SUCCESS\" > \"${SCRIPT_OUTPUT_FILE_0}\"\n";
			showEnvVarsInLog = 0;
		};
		CF2247257546C2C1EAF08DE3 /* [CP] Copy Pods Resources */ = {
			isa = PBXShellScriptBuildPhase;
			buildActionMask = 2147483647;
			files = (
			);
			inputFileListPaths = (
				"${PODS_ROOT}/Target Support Files/Pods-iProceed/Pods-iProceed-resources-${CONFIGURATION}-input-files.xcfilelist",
			);
			name = "[CP] Copy Pods Resources";
			outputFileListPaths = (
				"${PODS_ROOT}/Target Support Files/Pods-iProceed/Pods-iProceed-resources-${CONFIGURATION}-output-files.xcfilelist",
			);
			runOnlyForDeploymentPostprocessing = 0;
			shellPath = /bin/sh;
			shellScript = "\"${PODS_ROOT}/Target Support Files/Pods-iProceed/Pods-iProceed-resources.sh\"\n";
			showEnvVarsInLog = 0;
		};
		DA20A60D45103C659C559B53 /* [CP] Copy Pods Resources */ = {
			isa = PBXShellScriptBuildPhase;
			buildActionMask = 2147483647;
			files = (
			);
			inputFileListPaths = (
				"${PODS_ROOT}/Target Support Files/Pods-iProceed-iProceedUITests/Pods-iProceed-iProceedUITests-resources-${CONFIGURATION}-input-files.xcfilelist",
			);
			name = "[CP] Copy Pods Resources";
			outputFileListPaths = (
				"${PODS_ROOT}/Target Support Files/Pods-iProceed-iProceedUITests/Pods-iProceed-iProceedUITests-resources-${CONFIGURATION}-output-files.xcfilelist",
			);
			runOnlyForDeploymentPostprocessing = 0;
			shellPath = /bin/sh;
			shellScript = "\"${PODS_ROOT}/Target Support Files/Pods-iProceed-iProceedUITests/Pods-iProceed-iProceedUITests-resources.sh\"\n";
			showEnvVarsInLog = 0;
		};
/* End PBXShellScriptBuildPhase section */

/* Begin PBXSourcesBuildPhase section */
		046EAD0327499AF900B670FA /* Sources */ = {
			isa = PBXSourcesBuildPhase;
			buildActionMask = 2147483647;
			files = (
				8D8774E9275222450039CB29 /* Course.swift in Sources */,
				8D0C85FB27540326009C540A /* VerifAccountView.swift in Sources */,
				046EAD1527499AF900B670FA /* iProceed.xcdatamodeld in Sources */,
				8D36B098275042CE00CDB60A /* HomeView.swift in Sources */,
				8D36B090275041E700CDB60A /* RegisterView.swift in Sources */,
				8D36B0A327504A1900CDB60A /* Alert.swift in Sources */,
				8D36B08E275041D800CDB60A /* MoreView.swift in Sources */,
				8D0C85F52753CADE009C540A /* Constants.swift in Sources */,
				8D36B0862750417100CDB60A /* AddCourseView.swift in Sources */,
				8D36B0A527504F8900CDB60A /* SignInView.swift in Sources */,
				8D0C85FD27543A9E009C540A /* EditCourseView.swift in Sources */,
				8D36B09B275044D900CDB60A /* UserViewModel.swift in Sources */,
				8D36B092275041F200CDB60A /* RoleView.swift in Sources */,
				8D36B0A127504A0400CDB60A /* Spinner.swift in Sources */,
				8D36B09E275044E500CDB60A /* User.swift in Sources */,
				8D8774EB2752239B0039CB29 /* CourseViewModel.swift in Sources */,
				8D36B096275042C000CDB60A /* PaymentView.swift in Sources */,
				8D0C85F92753F329009C540A /* EditProfileView.swift in Sources */,
				8D8774EF27524D3F0039CB29 /* ResetCodeView.swift in Sources */,
				8D0C85F72753F316009C540A /* ProfileView.swift in Sources */,
				8D36B08C275041B600CDB60A /* JoinCourseView.swift in Sources */,
				046EAD0B27499AF900B670FA /* AppDelegate.swift in Sources */,
				8D36B08A275041A900CDB60A /* CourseDetailsView.swift in Sources */,
				046EAD0D27499AF900B670FA /* SceneDelegate.swift in Sources */,
				8D8774ED275246770039CB29 /* ForgotPasswordView.swift in Sources */,
				8D36B0882750418100CDB60A /* CoursesView.swift in Sources */,
				8D8774F127524D580039CB29 /* PasswordResetView.swift in Sources */,
			);
			runOnlyForDeploymentPostprocessing = 0;
		};
		046EAD1C27499AFB00B670FA /* Sources */ = {
			isa = PBXSourcesBuildPhase;
			buildActionMask = 2147483647;
			files = (
				046EAD2527499AFB00B670FA /* iProceedTests.swift in Sources */,
			);
			runOnlyForDeploymentPostprocessing = 0;
		};
		046EAD2727499AFB00B670FA /* Sources */ = {
			isa = PBXSourcesBuildPhase;
			buildActionMask = 2147483647;
			files = (
				046EAD3027499AFC00B670FA /* iProceedUITests.swift in Sources */,
			);
			runOnlyForDeploymentPostprocessing = 0;
		};
/* End PBXSourcesBuildPhase section */

/* Begin PBXTargetDependency section */
		046EAD2227499AFB00B670FA /* PBXTargetDependency */ = {
			isa = PBXTargetDependency;
			target = 046EAD0627499AF900B670FA /* iProceed */;
			targetProxy = 046EAD2127499AFB00B670FA /* PBXContainerItemProxy */;
		};
		046EAD2D27499AFB00B670FA /* PBXTargetDependency */ = {
			isa = PBXTargetDependency;
			target = 046EAD0627499AF900B670FA /* iProceed */;
			targetProxy = 046EAD2C27499AFB00B670FA /* PBXContainerItemProxy */;
		};
/* End PBXTargetDependency section */

/* Begin PBXVariantGroup section */
		046EAD1027499AF900B670FA /* Main.storyboard */ = {
			isa = PBXVariantGroup;
			children = (
				046EAD1127499AF900B670FA /* Base */,
			);
			name = Main.storyboard;
			sourceTree = "<group>";
		};
		046EAD1827499AFB00B670FA /* LaunchScreen.storyboard */ = {
			isa = PBXVariantGroup;
			children = (
				046EAD1927499AFB00B670FA /* Base */,
			);
			name = LaunchScreen.storyboard;
			sourceTree = "<group>";
		};
/* End PBXVariantGroup section */

/* Begin XCBuildConfiguration section */
		046EAD3227499AFC00B670FA /* Debug */ = {
			isa = XCBuildConfiguration;
			buildSettings = {
				ALWAYS_SEARCH_USER_PATHS = NO;
				CLANG_ANALYZER_NONNULL = YES;
				CLANG_ANALYZER_NUMBER_OBJECT_CONVERSION = YES_AGGRESSIVE;
				CLANG_CXX_LANGUAGE_STANDARD = "gnu++14";
				CLANG_CXX_LIBRARY = "libc++";
				CLANG_ENABLE_MODULES = YES;
				CLANG_ENABLE_OBJC_ARC = YES;
				CLANG_ENABLE_OBJC_WEAK = YES;
				CLANG_WARN_BLOCK_CAPTURE_AUTORELEASING = YES;
				CLANG_WARN_BOOL_CONVERSION = YES;
				CLANG_WARN_COMMA = YES;
				CLANG_WARN_CONSTANT_CONVERSION = YES;
				CLANG_WARN_DEPRECATED_OBJC_IMPLEMENTATIONS = YES;
				CLANG_WARN_DIRECT_OBJC_ISA_USAGE = YES_ERROR;
				CLANG_WARN_DOCUMENTATION_COMMENTS = YES;
				CLANG_WARN_EMPTY_BODY = YES;
				CLANG_WARN_ENUM_CONVERSION = YES;
				CLANG_WARN_INFINITE_RECURSION = YES;
				CLANG_WARN_INT_CONVERSION = YES;
				CLANG_WARN_NON_LITERAL_NULL_CONVERSION = YES;
				CLANG_WARN_OBJC_IMPLICIT_RETAIN_SELF = YES;
				CLANG_WARN_OBJC_LITERAL_CONVERSION = YES;
				CLANG_WARN_OBJC_ROOT_CLASS = YES_ERROR;
				CLANG_WARN_QUOTED_INCLUDE_IN_FRAMEWORK_HEADER = YES;
				CLANG_WARN_RANGE_LOOP_ANALYSIS = YES;
				CLANG_WARN_STRICT_PROTOTYPES = YES;
				CLANG_WARN_SUSPICIOUS_MOVE = YES;
				CLANG_WARN_UNGUARDED_AVAILABILITY = YES_AGGRESSIVE;
				CLANG_WARN_UNREACHABLE_CODE = YES;
				CLANG_WARN__DUPLICATE_METHOD_MATCH = YES;
				COPY_PHASE_STRIP = NO;
				DEBUG_INFORMATION_FORMAT = dwarf;
				ENABLE_STRICT_OBJC_MSGSEND = YES;
				ENABLE_TESTABILITY = YES;
				EXCLUDED_ARCHS = arm64;
				GCC_C_LANGUAGE_STANDARD = gnu11;
				GCC_DYNAMIC_NO_PIC = NO;
				GCC_NO_COMMON_BLOCKS = YES;
				GCC_OPTIMIZATION_LEVEL = 0;
				GCC_PREPROCESSOR_DEFINITIONS = (
					"DEBUG=1",
					"$(inherited)",
				);
				GCC_WARN_64_TO_32_BIT_CONVERSION = YES;
				GCC_WARN_ABOUT_RETURN_TYPE = YES_ERROR;
				GCC_WARN_UNDECLARED_SELECTOR = YES;
				GCC_WARN_UNINITIALIZED_AUTOS = YES_AGGRESSIVE;
				GCC_WARN_UNUSED_FUNCTION = YES;
				GCC_WARN_UNUSED_VARIABLE = YES;
				IPHONEOS_DEPLOYMENT_TARGET = 14.4;
				MTL_ENABLE_DEBUG_INFO = INCLUDE_SOURCE;
				MTL_FAST_MATH = YES;
				ONLY_ACTIVE_ARCH = YES;
				SDKROOT = iphoneos;
				SWIFT_ACTIVE_COMPILATION_CONDITIONS = DEBUG;
				SWIFT_OPTIMIZATION_LEVEL = "-Onone";
			};
			name = Debug;
		};
		046EAD3327499AFC00B670FA /* Release */ = {
			isa = XCBuildConfiguration;
			buildSettings = {
				ALWAYS_SEARCH_USER_PATHS = NO;
				CLANG_ANALYZER_NONNULL = YES;
				CLANG_ANALYZER_NUMBER_OBJECT_CONVERSION = YES_AGGRESSIVE;
				CLANG_CXX_LANGUAGE_STANDARD = "gnu++14";
				CLANG_CXX_LIBRARY = "libc++";
				CLANG_ENABLE_MODULES = YES;
				CLANG_ENABLE_OBJC_ARC = YES;
				CLANG_ENABLE_OBJC_WEAK = YES;
				CLANG_WARN_BLOCK_CAPTURE_AUTORELEASING = YES;
				CLANG_WARN_BOOL_CONVERSION = YES;
				CLANG_WARN_COMMA = YES;
				CLANG_WARN_CONSTANT_CONVERSION = YES;
				CLANG_WARN_DEPRECATED_OBJC_IMPLEMENTATIONS = YES;
				CLANG_WARN_DIRECT_OBJC_ISA_USAGE = YES_ERROR;
				CLANG_WARN_DOCUMENTATION_COMMENTS = YES;
				CLANG_WARN_EMPTY_BODY = YES;
				CLANG_WARN_ENUM_CONVERSION = YES;
				CLANG_WARN_INFINITE_RECURSION = YES;
				CLANG_WARN_INT_CONVERSION = YES;
				CLANG_WARN_NON_LITERAL_NULL_CONVERSION = YES;
				CLANG_WARN_OBJC_IMPLICIT_RETAIN_SELF = YES;
				CLANG_WARN_OBJC_LITERAL_CONVERSION = YES;
				CLANG_WARN_OBJC_ROOT_CLASS = YES_ERROR;
				CLANG_WARN_QUOTED_INCLUDE_IN_FRAMEWORK_HEADER = YES;
				CLANG_WARN_RANGE_LOOP_ANALYSIS = YES;
				CLANG_WARN_STRICT_PROTOTYPES = YES;
				CLANG_WARN_SUSPICIOUS_MOVE = YES;
				CLANG_WARN_UNGUARDED_AVAILABILITY = YES_AGGRESSIVE;
				CLANG_WARN_UNREACHABLE_CODE = YES;
				CLANG_WARN__DUPLICATE_METHOD_MATCH = YES;
				COPY_PHASE_STRIP = NO;
				DEBUG_INFORMATION_FORMAT = "dwarf-with-dsym";
				ENABLE_NS_ASSERTIONS = NO;
				ENABLE_STRICT_OBJC_MSGSEND = YES;
				EXCLUDED_ARCHS = arm64;
				GCC_C_LANGUAGE_STANDARD = gnu11;
				GCC_NO_COMMON_BLOCKS = YES;
				GCC_WARN_64_TO_32_BIT_CONVERSION = YES;
				GCC_WARN_ABOUT_RETURN_TYPE = YES_ERROR;
				GCC_WARN_UNDECLARED_SELECTOR = YES;
				GCC_WARN_UNINITIALIZED_AUTOS = YES_AGGRESSIVE;
				GCC_WARN_UNUSED_FUNCTION = YES;
				GCC_WARN_UNUSED_VARIABLE = YES;
				IPHONEOS_DEPLOYMENT_TARGET = 14.4;
				MTL_ENABLE_DEBUG_INFO = NO;
				MTL_FAST_MATH = YES;
				SDKROOT = iphoneos;
				SWIFT_COMPILATION_MODE = wholemodule;
				SWIFT_OPTIMIZATION_LEVEL = "-O";
				VALIDATE_PRODUCT = YES;
			};
			name = Release;
		};
		046EAD3527499AFC00B670FA /* Debug */ = {
			isa = XCBuildConfiguration;
			baseConfigurationReference = 09F7040DD3D9AD78623BC385 /* Pods-iProceed.debug.xcconfig */;
			buildSettings = {
				ASSETCATALOG_COMPILER_APPICON_NAME = AppIcon;
				ASSETCATALOG_COMPILER_GLOBAL_ACCENT_COLOR_NAME = AccentColor;
				CODE_SIGN_ENTITLEMENTS = "";
				CODE_SIGN_STYLE = Automatic;
				CURRENT_PROJECT_VERSION = 1;
				DEVELOPMENT_TEAM = "";
				EXCLUDED_ARCHS = "";
				INFOPLIST_FILE = iProceed/Info.plist;
				LD_RUNPATH_SEARCH_PATHS = (
					"$(inherited)",
					"@executable_path/Frameworks",
				);
				MARKETING_VERSION = 1.0;
				PRODUCT_BUNDLE_IDENTIFIER = com.app.launch.iProceed;
				PRODUCT_NAME = "$(TARGET_NAME)";
				SWIFT_VERSION = 5.0;
				TARGETED_DEVICE_FAMILY = "1,2";
			};
			name = Debug;
		};
		046EAD3627499AFC00B670FA /* Release */ = {
			isa = XCBuildConfiguration;
			baseConfigurationReference = EC0D3A5DCC50446AA8F61C1C /* Pods-iProceed.release.xcconfig */;
			buildSettings = {
				ASSETCATALOG_COMPILER_APPICON_NAME = AppIcon;
				ASSETCATALOG_COMPILER_GLOBAL_ACCENT_COLOR_NAME = AccentColor;
				CODE_SIGN_ENTITLEMENTS = "";
				CODE_SIGN_STYLE = Automatic;
				CURRENT_PROJECT_VERSION = 1;
				DEVELOPMENT_TEAM = "";
				EXCLUDED_ARCHS = "";
				INFOPLIST_FILE = iProceed/Info.plist;
				LD_RUNPATH_SEARCH_PATHS = (
					"$(inherited)",
					"@executable_path/Frameworks",
				);
				MARKETING_VERSION = 1.0;
				PRODUCT_BUNDLE_IDENTIFIER = com.app.launch.iProceed;
				PRODUCT_NAME = "$(TARGET_NAME)";
				SWIFT_VERSION = 5.0;
				TARGETED_DEVICE_FAMILY = "1,2";
			};
			name = Release;
		};
		046EAD3827499AFC00B670FA /* Debug */ = {
			isa = XCBuildConfiguration;
			baseConfigurationReference = D17B38BC1242AFC951706360 /* Pods-iProceedTests.debug.xcconfig */;
			buildSettings = {
				ALWAYS_EMBED_SWIFT_STANDARD_LIBRARIES = YES;
				BUNDLE_LOADER = "$(TEST_HOST)";
				CODE_SIGN_STYLE = Automatic;
				INFOPLIST_FILE = iProceedTests/Info.plist;
				IPHONEOS_DEPLOYMENT_TARGET = 14.4;
				LD_RUNPATH_SEARCH_PATHS = (
					"$(inherited)",
					"@executable_path/Frameworks",
					"@loader_path/Frameworks",
				);
				PRODUCT_BUNDLE_IDENTIFIER = com.app.launch.iProceedTests;
				PRODUCT_NAME = "$(TARGET_NAME)";
				SWIFT_VERSION = 5.0;
				TARGETED_DEVICE_FAMILY = "1,2";
				TEST_HOST = "$(BUILT_PRODUCTS_DIR)/iProceed.app/iProceed";
			};
			name = Debug;
		};
		046EAD3927499AFC00B670FA /* Release */ = {
			isa = XCBuildConfiguration;
			baseConfigurationReference = 6284F7CAE1DA665196A0F89F /* Pods-iProceedTests.release.xcconfig */;
			buildSettings = {
				ALWAYS_EMBED_SWIFT_STANDARD_LIBRARIES = YES;
				BUNDLE_LOADER = "$(TEST_HOST)";
				CODE_SIGN_STYLE = Automatic;
				INFOPLIST_FILE = iProceedTests/Info.plist;
				IPHONEOS_DEPLOYMENT_TARGET = 14.4;
				LD_RUNPATH_SEARCH_PATHS = (
					"$(inherited)",
					"@executable_path/Frameworks",
					"@loader_path/Frameworks",
				);
				PRODUCT_BUNDLE_IDENTIFIER = com.app.launch.iProceedTests;
				PRODUCT_NAME = "$(TARGET_NAME)";
				SWIFT_VERSION = 5.0;
				TARGETED_DEVICE_FAMILY = "1,2";
				TEST_HOST = "$(BUILT_PRODUCTS_DIR)/iProceed.app/iProceed";
			};
			name = Release;
		};
		046EAD3B27499AFC00B670FA /* Debug */ = {
			isa = XCBuildConfiguration;
			baseConfigurationReference = E4E2AA61C6536C32750B3F83 /* Pods-iProceed-iProceedUITests.debug.xcconfig */;
			buildSettings = {
				ALWAYS_EMBED_SWIFT_STANDARD_LIBRARIES = YES;
				CODE_SIGN_STYLE = Automatic;
				INFOPLIST_FILE = iProceedUITests/Info.plist;
				LD_RUNPATH_SEARCH_PATHS = (
					"$(inherited)",
					"@executable_path/Frameworks",
					"@loader_path/Frameworks",
				);
				PRODUCT_BUNDLE_IDENTIFIER = com.app.launch.iProceedUITests;
				PRODUCT_NAME = "$(TARGET_NAME)";
				SWIFT_VERSION = 5.0;
				TARGETED_DEVICE_FAMILY = "1,2";
				TEST_TARGET_NAME = iProceed;
			};
			name = Debug;
		};
		046EAD3C27499AFC00B670FA /* Release */ = {
			isa = XCBuildConfiguration;
			baseConfigurationReference = 53DC8A644E384726F2016FF5 /* Pods-iProceed-iProceedUITests.release.xcconfig */;
			buildSettings = {
				ALWAYS_EMBED_SWIFT_STANDARD_LIBRARIES = YES;
				CODE_SIGN_STYLE = Automatic;
				INFOPLIST_FILE = iProceedUITests/Info.plist;
				LD_RUNPATH_SEARCH_PATHS = (
					"$(inherited)",
					"@executable_path/Frameworks",
					"@loader_path/Frameworks",
				);
				PRODUCT_BUNDLE_IDENTIFIER = com.app.launch.iProceedUITests;
				PRODUCT_NAME = "$(TARGET_NAME)";
				SWIFT_VERSION = 5.0;
				TARGETED_DEVICE_FAMILY = "1,2";
				TEST_TARGET_NAME = iProceed;
			};
			name = Release;
		};
/* End XCBuildConfiguration section */

/* Begin XCConfigurationList section */
		046EAD0227499AF900B670FA /* Build configuration list for PBXProject "iProceed" */ = {
			isa = XCConfigurationList;
			buildConfigurations = (
				046EAD3227499AFC00B670FA /* Debug */,
				046EAD3327499AFC00B670FA /* Release */,
			);
			defaultConfigurationIsVisible = 0;
			defaultConfigurationName = Release;
		};
		046EAD3427499AFC00B670FA /* Build configuration list for PBXNativeTarget "iProceed" */ = {
			isa = XCConfigurationList;
			buildConfigurations = (
				046EAD3527499AFC00B670FA /* Debug */,
				046EAD3627499AFC00B670FA /* Release */,
			);
			defaultConfigurationIsVisible = 0;
			defaultConfigurationName = Release;
		};
		046EAD3727499AFC00B670FA /* Build configuration list for PBXNativeTarget "iProceedTests" */ = {
			isa = XCConfigurationList;
			buildConfigurations = (
				046EAD3827499AFC00B670FA /* Debug */,
				046EAD3927499AFC00B670FA /* Release */,
			);
			defaultConfigurationIsVisible = 0;
			defaultConfigurationName = Release;
		};
		046EAD3A27499AFC00B670FA /* Build configuration list for PBXNativeTarget "iProceedUITests" */ = {
			isa = XCConfigurationList;
			buildConfigurations = (
				046EAD3B27499AFC00B670FA /* Debug */,
				046EAD3C27499AFC00B670FA /* Release */,
			);
			defaultConfigurationIsVisible = 0;
			defaultConfigurationName = Release;
		};
/* End XCConfigurationList section */

/* Begin XCRemoteSwiftPackageReference section */
		046EAD4527499D8B00B670FA /* XCRemoteSwiftPackageReference "lottie-ios" */ = {
			isa = XCRemoteSwiftPackageReference;
			repositoryURL = "https://github.com/airbnb//lottie-ios";
			requirement = {
				kind = upToNextMajorVersion;
				minimumVersion = 3.2.3;
			};
		};
/* End XCRemoteSwiftPackageReference section */

/* Begin XCSwiftPackageProductDependency section */
		046EAD4627499D8B00B670FA /* Lottie */ = {
			isa = XCSwiftPackageProductDependency;
			package = 046EAD4527499D8B00B670FA /* XCRemoteSwiftPackageReference "lottie-ios" */;
			productName = Lottie;
		};
/* End XCSwiftPackageProductDependency section */

/* Begin XCVersionGroup section */
		046EAD1327499AF900B670FA /* iProceed.xcdatamodeld */ = {
			isa = XCVersionGroup;
			children = (
				046EAD1427499AF900B670FA /* iProceed.xcdatamodel */,
			);
			currentVersion = 046EAD1427499AF900B670FA /* iProceed.xcdatamodel */;
			path = iProceed.xcdatamodeld;
			sourceTree = "<group>";
			versionGroupType = wrapper.xcdatamodel;
		};
/* End XCVersionGroup section */
	};
	rootObject = 046EACFF27499AF900B670FA /* Project object */;
}
